
Microsoft Visual Studio Solution File, Format Version 12.00
Project("{FAE04EC0-301F-11D3-BF4B-00C04F79EFBC}") = "csharp-studies", "csharp-studies\csharp-studies.csproj", "{A32AE0DC-0888-4296-BC03-FC28B53C32BD}"
EndProject
Global
	GlobalSection(SolutionConfigurationPlatforms) = preSolution
		Debug|Any CPU = Debug|Any CPU
		Release|Any CPU = Release|Any CPU
	EndGlobalSection
	GlobalSection(ProjectConfigurationPlatforms) = postSolution
		{A32AE0DC-0888-4296-BC03-FC28B53C32BD}.Debug|Any CPU.ActiveCfg = Debug|Any CPU
		{A32AE0DC-0888-4296-BC03-FC28B53C32BD}.Debug|Any CPU.Build.0 = Debug|Any CPU
		{A32AE0DC-0888-4296-BC03-FC28B53C32BD}.Release|Any CPU.ActiveCfg = Release|Any CPU
		{A32AE0DC-0888-4296-BC03-FC28B53C32BD}.Release|Any CPU.Build.0 = Release|Any CPU
	EndGlobalSection
EndGlobal
